
Microsoft Visual Studio Solution File, Format Version 12.00
# Visual Studio Version 17
VisualStudioVersion = 17.10.35027.167
MinimumVisualStudioVersion = 10.0.40219.1
Project("{FAE04EC0-301F-11D3-BF4B-00C04F79EFBC}") = "DomainDrivenDesign.Domain", "DomainDrivenDesign.Domain\DomainDrivenDesign.Domain.csproj", "{6B617613-C461-460D-A4A3-7E882E5B56B8}"
EndProject
Project("{FAE04EC0-301F-11D3-BF4B-00C04F79EFBC}") = "DomainDrivenDesign.Application", "DomainDrivenDesign.Application\DomainDrivenDesign.Application.csproj", "{229573A8-32DF-43D2-8861-F058C4F40A8D}"
EndProject
Project("{FAE04EC0-301F-11D3-BF4B-00C04F79EFBC}") = "DomainDrivenDesign.Infrastructure", "DomainDrivenDesign.Infrastructure\DomainDrivenDesign.Infrastructure.csproj", "{97835E46-3112-4EC7-B0EF-D26345BA69F5}"
EndProject
Project("{FAE04EC0-301F-11D3-BF4B-00C04F79EFBC}") = "DomainDrivenDesign.WebAPI", "DomainDrivenDesign.WebAPI\DomainDrivenDesign.WebAPI.csproj", "{D86B7792-013D-417A-9D33-1A20D1E04A0B}"
EndProject
Global
	GlobalSection(SolutionConfigurationPlatforms) = preSolution
		Debug|Any CPU = Debug|Any CPU
		Release|Any CPU = Release|Any CPU
	EndGlobalSection
	GlobalSection(ProjectConfigurationPlatforms) = postSolution
		{6B617613-C461-460D-A4A3-7E882E5B56B8}.Debug|Any CPU.ActiveCfg = Debug|Any CPU
		{6B617613-C461-460D-A4A3-7E882E5B56B8}.Debug|Any CPU.Build.0 = Debug|Any CPU
		{6B617613-C461-460D-A4A3-7E882E5B56B8}.Release|Any CPU.ActiveCfg = Release|Any CPU
		{6B617613-C461-460D-A4A3-7E882E5B56B8}.Release|Any CPU.Build.0 = Release|Any CPU
		{229573A8-32DF-43D2-8861-F058C4F40A8D}.Debug|Any CPU.ActiveCfg = Debug|Any CPU
		{229573A8-32DF-43D2-8861-F058C4F40A8D}.Debug|Any CPU.Build.0 = Debug|Any CPU
		{229573A8-32DF-43D2-8861-F058C4F40A8D}.Release|Any CPU.ActiveCfg = Release|Any CPU
		{229573A8-32DF-43D2-8861-F058C4F40A8D}.Release|Any CPU.Build.0 = Release|Any CPU
		{97835E46-3112-4EC7-B0EF-D26345BA69F5}.Debug|Any CPU.ActiveCfg = Debug|Any CPU
		{97835E46-3112-4EC7-B0EF-D26345BA69F5}.Debug|Any CPU.Build.0 = Debug|Any CPU
		{97835E46-3112-4EC7-B0EF-D26345BA69F5}.Release|Any CPU.ActiveCfg = Release|Any CPU
		{97835E46-3112-4EC7-B0EF-D26345BA69F5}.Release|Any CPU.Build.0 = Release|Any CPU
		{D86B7792-013D-417A-9D33-1A20D1E04A0B}.Debug|Any CPU.ActiveCfg = Debug|Any CPU
		{D86B7792-013D-417A-9D33-1A20D1E04A0B}.Debug|Any CPU.Build.0 = Debug|Any CPU
		{D86B7792-013D-417A-9D33-1A20D1E04A0B}.Release|Any CPU.ActiveCfg = Release|Any CPU
		{D86B7792-013D-417A-9D33-1A20D1E04A0B}.Release|Any CPU.Build.0 = Release|Any CPU
	EndGlobalSection
	GlobalSection(SolutionProperties) = preSolution
		HideSolutionNode = FALSE
	EndGlobalSection
	GlobalSection(ExtensibilityGlobals) = postSolution
		SolutionGuid = {E661ABF7-7DB2-4565-A72C-CA037380645E}
	EndGlobalSection
EndGlobal
